{
  "name": "Games-site",
  "lockfileVersion": 3,
  "requires": true,
  "packages": {
    "": {
      "dependencies": {
        "jets": "^0.15.0"
      }
    },
    "node_modules/jets": {
      "version": "0.15.0",
      "resolved": "https://registry.npmjs.org/jets/-/jets-0.15.0.tgz",
      "integrity": "sha512-MLDS37DJeBMo8DIPPxe1UfG7Wn/uItJE0Pwz/9UAL0nTH7QaiMQCSjkvk03qE+fEFp2Upn+or9GYPGoKFh8VEA=="
    }
  }
}
